
Microsoft Visual Studio Solution File, Format Version 12.00
# Visual Studio Version 17
VisualStudioVersion = 17.11.35312.102
MinimumVisualStudioVersion = 10.0.40219.1
Project("{FAE04EC0-301F-11D3-BF4B-00C04F79EFBC}") = "WpfApp31", "WpfApp31\WpfApp31.csproj", "{7E5E148E-0756-4BF5-820B-349AE41E8354}"
EndProject
Global
	GlobalSection(SolutionConfigurationPlatforms) = preSolution
		Debug|Any CPU = Debug|Any CPU
		Release|Any CPU = Release|Any CPU
	EndGlobalSection
	GlobalSection(ProjectConfigurationPlatforms) = postSolution
		{7E5E148E-0756-4BF5-820B-349AE41E8354}.Debug|Any CPU.ActiveCfg = Debug|Any CPU
		{7E5E148E-0756-4BF5-820B-349AE41E8354}.Debug|Any CPU.Build.0 = Debug|Any CPU
		{7E5E148E-0756-4BF5-820B-349AE41E8354}.Release|Any CPU.ActiveCfg = Release|Any CPU
		{7E5E148E-0756-4BF5-820B-349AE41E8354}.Release|Any CPU.Build.0 = Release|Any CPU
	EndGlobalSection
	GlobalSection(SolutionProperties) = preSolution
		HideSolutionNode = FALSE
	EndGlobalSection
	GlobalSection(ExtensibilityGlobals) = postSolution
		SolutionGuid = {2A0063B9-D18C-4E7F-ABE5-9AF886631413}
	EndGlobalSection
EndGlobal
